
Microsoft Visual Studio Solution File, Format Version 10.00
# Visual Studio 2008
Project("{D183A3D8-5FD8-494B-B014-37F57B35E655}") = "TarotSSIS", "TarotSSIS.dtproj", "{F50F9FC0-4B81-4892-9ED7-F0B452859F7E}"
EndProject
Global
	GlobalSection(SolutionConfigurationPlatforms) = preSolution
		Development|Default = Development|Default
	EndGlobalSection
	GlobalSection(ProjectConfigurationPlatforms) = postSolution
		{F50F9FC0-4B81-4892-9ED7-F0B452859F7E}.Development|Default.ActiveCfg = Development
		{F50F9FC0-4B81-4892-9ED7-F0B452859F7E}.Development|Default.Build.0 = Development
	EndGlobalSection
	GlobalSection(SolutionProperties) = preSolution
		HideSolutionNode = FALSE
	EndGlobalSection
EndGlobal
